// !$*UTF8*$!
{
	archiveVersion = 1;
	classes = {
	};
	objectVersion = 50;
	objects = {

/* Begin PBXBuildFile section */
		504BBFA921903D920024BE2E /* RealmData.swift in Sources */ = {isa = PBXBuildFile; fileRef = 504BBFA821903D920024BE2E /* RealmData.swift */; };
		5065A8D5218C4FB600B817C2 /* DateManager.swift in Sources */ = {isa = PBXBuildFile; fileRef = 5065A8D4218C4FB600B817C2 /* DateManager.swift */; };
		5086E595218B13180016264A /* AppDelegate.swift in Sources */ = {isa = PBXBuildFile; fileRef = 5086E594218B13180016264A /* AppDelegate.swift */; };
		5086E597218B13180016264A /* ViewController.swift in Sources */ = {isa = PBXBuildFile; fileRef = 5086E596218B13180016264A /* ViewController.swift */; };
		5086E59A218B13180016264A /* Main.storyboard in Resources */ = {isa = PBXBuildFile; fileRef = 5086E598218B13180016264A /* Main.storyboard */; };
		5086E59C218B13190016264A /* Assets.xcassets in Resources */ = {isa = PBXBuildFile; fileRef = 5086E59B218B13190016264A /* Assets.xcassets */; };
		5086E59F218B13190016264A /* LaunchScreen.storyboard in Resources */ = {isa = PBXBuildFile; fileRef = 5086E59D218B13190016264A /* LaunchScreen.storyboard */; };
		5086E5A7218B1C210016264A /* calendarCell.swift in Sources */ = {isa = PBXBuildFile; fileRef = 5086E5A6218B1C210016264A /* calendarCell.swift */; };
		6F7CBF6971C641AFDF0A7DD6 /* Pods_cview_calendar.framework in Frameworks */ = {isa = PBXBuildFile; fileRef = 2F7C837F7BB2EE578A1B21B3 /* Pods_cview_calendar.framework */; };
/* End PBXBuildFile section */

/* Begin PBXFileReference section */
		2F7C837F7BB2EE578A1B21B3 /* Pods_cview_calendar.framework */ = {isa = PBXFileReference; explicitFileType = wrapper.framework; includeInIndex = 0; path = Pods_cview_calendar.framework; sourceTree = BUILT_PRODUCTS_DIR; };
		504BBFA821903D920024BE2E /* RealmData.swift */ = {isa = PBXFileReference; lastKnownFileType = sourcecode.swift; path = RealmData.swift; sourceTree = "<group>"; };
		5065A8D4218C4FB600B817C2 /* DateManager.swift */ = {isa = PBXFileReference; lastKnownFileType = sourcecode.swift; path = DateManager.swift; sourceTree = "<group>"; };
		5086E591218B13180016264A /* cview_calendar.app */ = {isa = PBXFileReference; explicitFileType = wrapper.application; includeInIndex = 0; path = cview_calendar.app; sourceTree = BUILT_PRODUCTS_DIR; };
		5086E594218B13180016264A /* AppDelegate.swift */ = {isa = PBXFileReference; lastKnownFileType = sourcecode.swift; path = AppDelegate.swift; sourceTree = "<group>"; };
		5086E596218B13180016264A /* ViewController.swift */ = {isa = PBXFileReference; lastKnownFileType = sourcecode.swift; path = ViewController.swift; sourceTree = "<group>"; };
		5086E599218B13180016264A /* Base */ = {isa = PBXFileReference; lastKnownFileType = file.storyboard; name = Base; path = Base.lproj/Main.storyboard; sourceTree = "<group>"; };
		5086E59B218B13190016264A /* Assets.xcassets */ = {isa = PBXFileReference; lastKnownFileType = folder.assetcatalog; path = Assets.xcassets; sourceTree = "<group>"; };
		5086E59E218B13190016264A /* Base */ = {isa = PBXFileReference; lastKnownFileType = file.storyboard; name = Base; path = Base.lproj/LaunchScreen.storyboard; sourceTree = "<group>"; };
		5086E5A0218B13190016264A /* Info.plist */ = {isa = PBXFileReference; lastKnownFileType = text.plist.xml; path = Info.plist; sourceTree = "<group>"; };
		5086E5A6218B1C210016264A /* calendarCell.swift */ = {isa = PBXFileReference; lastKnownFileType = sourcecode.swift; path = calendarCell.swift; sourceTree = "<group>"; };
		C65118832D2845D5291B919E /* Pods-cview_calendar.release.xcconfig */ = {isa = PBXFileReference; includeInIndex = 1; lastKnownFileType = text.xcconfig; name = "Pods-cview_calendar.release.xcconfig"; path = "Target Support Files/Pods-cview_calendar/Pods-cview_calendar.release.xcconfig"; sourceTree = "<group>"; };
		D33CC9575612EDAF8EE4F7B9 /* Pods-cview_calendar.debug.xcconfig */ = {isa = PBXFileReference; includeInIndex = 1; lastKnownFileType = text.xcconfig; name = "Pods-cview_calendar.debug.xcconfig"; path = "Target Support Files/Pods-cview_calendar/Pods-cview_calendar.debug.xcconfig"; sourceTree = "<group>"; };
/* End PBXFileReference section */

/* Begin PBXFrameworksBuildPhase section */
		5086E58E218B13180016264A /* Frameworks */ = {
			isa = PBXFrameworksBuildPhase;
			buildActionMask = 2147483647;
			files = (
				6F7CBF6971C641AFDF0A7DD6 /* Pods_cview_calendar.framework in Frameworks */,
			);
			runOnlyForDeploymentPostprocessing = 0;
		};
/* End PBXFrameworksBuildPhase section */

/* Begin PBXGroup section */
		185A9183503D219F4DC603B0 /* Pods */ = {
			isa = PBXGroup;
			children = (
				D33CC9575612EDAF8EE4F7B9 /* Pods-cview_calendar.debug.xcconfig */,
				C65118832D2845D5291B919E /* Pods-cview_calendar.release.xcconfig */,
			);
			path = Pods;
			sourceTree = "<group>";
		};
		450EE08D592EC3F8D25A93F9 /* Frameworks */ = {
			isa = PBXGroup;
			children = (
				2F7C837F7BB2EE578A1B21B3 /* Pods_cview_calendar.framework */,
			);
			name = Frameworks;
			sourceTree = "<group>";
		};
		5086E588218B13170016264A = {
			isa = PBXGroup;
			children = (
				5086E593218B13180016264A /* cview_calendar */,
				5086E592218B13180016264A /* Products */,
				185A9183503D219F4DC603B0 /* Pods */,
				450EE08D592EC3F8D25A93F9 /* Frameworks */,
			);
			sourceTree = "<group>";
		};
		5086E592218B13180016264A /* Products */ = {
			isa = PBXGroup;
			children = (
				5086E591218B13180016264A /* cview_calendar.app */,
			);
			name = Products;
			sourceTree = "<group>";
		};
		5086E593218B13180016264A /* cview_calendar */ = {
			isa = PBXGroup;
			children = (
				5086E594218B13180016264A /* AppDelegate.swift */,
				5086E596218B13180016264A /* ViewController.swift */,
				5065A8D4218C4FB600B817C2 /* DateManager.swift */,
				5086E5A6218B1C210016264A /* calendarCell.swift */,
				504BBFA821903D920024BE2E /* RealmData.swift */,
				5086E598218B13180016264A /* Main.storyboard */,
				5086E59B218B13190016264A /* Assets.xcassets */,
				5086E59D218B13190016264A /* LaunchScreen.storyboard */,
				5086E5A0218B13190016264A /* Info.plist */,
			);
			path = cview_calendar;
			sourceTree = "<group>";
		};
/* End PBXGroup section */

/* Begin PBXNativeTarget section */
		5086E590218B13180016264A /* cview_calendar */ = {
			isa = PBXNativeTarget;
			buildConfigurationList = 5086E5A3218B13190016264A /* Build configuration list for PBXNativeTarget "cview_calendar" */;
			buildPhases = (
				122B8AC9E56CF764134188C1 /* [CP] Check Pods Manifest.lock */,
				5086E58D218B13180016264A /* Sources */,
				5086E58E218B13180016264A /* Frameworks */,
				5086E58F218B13180016264A /* Resources */,
				76C690794C4BEB466C668DEB /* [CP] Embed Pods Frameworks */,
			);
			buildRules = (
			);
			dependencies = (
			);
			name = cview_calendar;
			productName = cview_calendar;
			productReference = 5086E591218B13180016264A /* cview_calendar.app */;
			productType = "com.apple.product-type.application";
		};
/* End PBXNativeTarget section */

/* Begin PBXProject section */
		5086E589218B13170016264A /* Project object */ = {
			isa = PBXProject;
			attributes = {
				LastSwiftUpdateCheck = 1000;
				LastUpgradeCheck = 1000;
				ORGANIZATIONNAME = Taro;
				TargetAttributes = {
					5086E590218B13180016264A = {
						CreatedOnToolsVersion = 10.0;
					};
				};
			};
			buildConfigurationList = 5086E58C218B13170016264A /* Build configuration list for PBXProject "cview_calendar" */;
			compatibilityVersion = "Xcode 9.3";
			developmentRegion = en;
			hasScannedForEncodings = 0;
			knownRegions = (
				en,
				Base,
			);
			mainGroup = 5086E588218B13170016264A;
			productRefGroup = 5086E592218B13180016264A /* Products */;
			projectDirPath = "";
			projectRoot = "";
			targets = (
				5086E590218B13180016264A /* cview_calendar */,
			);
		};
/* End PBXProject section */

/* Begin PBXResourcesBuildPhase section */
		5086E58F218B13180016264A /* Resources */ = {
			isa = PBXResourcesBuildPhase;
			buildActionMask = 2147483647;
			files = (
				5086E59F218B13190016264A /* LaunchScreen.storyboard in Resources */,
				5086E59C218B13190016264A /* Assets.xcassets in Resources */,
				5086E59A218B13180016264A /* Main.storyboard in Resources */,
			);
			runOnlyForDeploymentPostprocessing = 0;
		};
/* End PBXResourcesBuildPhase section */

/* Begin PBXShellScriptBuildPhase section */
		122B8AC9E56CF764134188C1 /* [CP] Check Pods Manifest.lock */ = {
			isa = PBXShellScriptBuildPhase;
			buildActionMask = 2147483647;
			files = (
			);
			inputFileListPaths = (
			);
			inputPaths = (
				"${PODS_PODFILE_DIR_PATH}/Podfile.lock",
				"${PODS_ROOT}/Manifest.lock",
			);
			name = "[CP] Check Pods Manifest.lock";
			outputFileListPaths = (
			);
			outputPaths = (
				"$(DERIVED_FILE_DIR)/Pods-cview_calendar-checkManifestLockResult.txt",
			);
			runOnlyForDeploymentPostprocessing = 0;
			shellPath = /bin/sh;
			shellScript = "diff \"${PODS_PODFILE_DIR_PATH}/Podfile.lock\" \"${PODS_ROOT}/Manifest.lock\" > /dev/null\nif [ $? != 0 ] ; then\n    # print error to STDERR\n    echo \"error: The sandbox is not in sync with the Podfile.lock. Run 'pod install' or update your CocoaPods installation.\" >&2\n    exit 1\nfi\n# This output is used by Xcode 'outputs' to avoid re-running this script phase.\necho \"SUCCESS\" > \"${SCRIPT_OUTPUT_FILE_0}\"\n";
			showEnvVarsInLog = 0;
		};
		76C690794C4BEB466C668DEB /* [CP] Embed Pods Frameworks */ = {
			isa = PBXShellScriptBuildPhase;
			buildActionMask = 2147483647;
			files = (
			);
			inputFileListPaths = (
			);
			inputPaths = (
				"${PODS_ROOT}/Target Support Files/Pods-cview_calendar/Pods-cview_calendar-frameworks.sh",
				"${BUILT_PRODUCTS_DIR}/Realm/Realm.framework",
				"${BUILT_PRODUCTS_DIR}/RealmSwift/RealmSwift.framework",
			);
			name = "[CP] Embed Pods Frameworks";
			outputFileListPaths = (
			);
			outputPaths = (
				"${TARGET_BUILD_DIR}/${FRAMEWORKS_FOLDER_PATH}/Realm.framework",
				"${TARGET_BUILD_DIR}/${FRAMEWORKS_FOLDER_PATH}/RealmSwift.framework",
			);
			runOnlyForDeploymentPostprocessing = 0;
			shellPath = /bin/sh;
			shellScript = "\"${PODS_ROOT}/Target Support Files/Pods-cview_calendar/Pods-cview_calendar-frameworks.sh\"\n";
			showEnvVarsInLog = 0;
		};
/* End PBXShellScriptBuildPhase section */

/* Begin PBXSourcesBuildPhase section */
		5086E58D218B13180016264A /* Sources */ = {
			isa = PBXSourcesBuildPhase;
			buildActionMask = 2147483647;
			files = (
				5086E597218B13180016264A /* ViewController.swift in Sources */,
				5065A8D5218C4FB600B817C2 /* DateManager.swift in Sources */,
				504BBFA921903D920024BE2E /* RealmData.swift in Sources */,
				5086E595218B13180016264A /* AppDelegate.swift in Sources */,
				5086E5A7218B1C210016264A /* calendarCell.swift in Sources */,
			);
			runOnlyForDeploymentPostprocessing = 0;
		};
/* End PBXSourcesBuildPhase section */

/* Begin PBXVariantGroup section */
		5086E598218B13180016264A /* Main.storyboard */ = {
			isa = PBXVariantGroup;
			children = (
				5086E599218B13180016264A /* Base */,
			);
			name = Main.storyboard;
			sourceTree = "<group>";
		};
		5086E59D218B13190016264A /* LaunchScreen.storyboard */ = {
			isa = PBXVariantGroup;
			children = (
				5086E59E218B13190016264A /* Base */,
			);
			name = LaunchScreen.storyboard;
			sourceTree = "<group>";
		};
/* End PBXVariantGroup section */

/* Begin XCBuildConfiguration section */
		5086E5A1218B13190016264A /* Debug */ = {
			isa = XCBuildConfiguration;
			buildSettings = {
				ALWAYS_SEARCH_USER_PATHS = NO;
				CLANG_ANALYZER_NONNULL = YES;
				CLANG_ANALYZER_NUMBER_OBJECT_CONVERSION = YES_AGGRESSIVE;
				CLANG_CXX_LANGUAGE_STANDARD = "gnu++14";
				CLANG_CXX_LIBRARY = "libc++";
				CLANG_ENABLE_MODULES = YES;
				CLANG_ENABLE_OBJC_ARC = YES;
				CLANG_ENABLE_OBJC_WEAK = YES;
				CLANG_WARN_BLOCK_CAPTURE_AUTORELEASING = YES;
				CLANG_WARN_BOOL_CONVERSION = YES;
				CLANG_WARN_COMMA = YES;
				CLANG_WARN_CONSTANT_CONVERSION = YES;
				CLANG_WARN_DEPRECATED_OBJC_IMPLEMENTATIONS = YES;
				CLANG_WARN_DIRECT_OBJC_ISA_USAGE = YES_ERROR;
				CLANG_WARN_DOCUMENTATION_COMMENTS = YES;
				CLANG_WARN_EMPTY_BODY = YES;
				CLANG_WARN_ENUM_CONVERSION = YES;
				CLANG_WARN_INFINITE_RECURSION = YES;
				CLANG_WARN_INT_CONVERSION = YES;
				CLANG_WARN_NON_LITERAL_NULL_CONVERSION = YES;
				CLANG_WARN_OBJC_IMPLICIT_RETAIN_SELF = YES;
				CLANG_WARN_OBJC_LITERAL_CONVERSION = YES;
				CLANG_WARN_OBJC_ROOT_CLASS = YES_ERROR;
				CLANG_WARN_RANGE_LOOP_ANALYSIS = YES;
				CLANG_WARN_STRICT_PROTOTYPES = YES;
				CLANG_WARN_SUSPICIOUS_MOVE = YES;
				CLANG_WARN_UNGUARDED_AVAILABILITY = YES_AGGRESSIVE;
				CLANG_WARN_UNREACHABLE_CODE = YES;
				CLANG_WARN__DUPLICATE_METHOD_MATCH = YES;
				CODE_SIGN_IDENTITY = "iPhone Developer";
				COPY_PHASE_STRIP = NO;
				DEBUG_INFORMATION_FORMAT = dwarf;
				ENABLE_STRICT_OBJC_MSGSEND = YES;
				ENABLE_TESTABILITY = YES;
				GCC_C_LANGUAGE_STANDARD = gnu11;
				GCC_DYNAMIC_NO_PIC = NO;
				GCC_NO_COMMON_BLOCKS = YES;
				GCC_OPTIMIZATION_LEVEL = 0;
				GCC_PREPROCESSOR_DEFINITIONS = (
					"DEBUG=1",
					"$(inherited)",
				);
				GCC_WARN_64_TO_32_BIT_CONVERSION = YES;
				GCC_WARN_ABOUT_RETURN_TYPE = YES_ERROR;
				GCC_WARN_UNDECLARED_SELECTOR = YES;
				GCC_WARN_UNINITIALIZED_AUTOS = YES_AGGRESSIVE;
				GCC_WARN_UNUSED_FUNCTION = YES;
				GCC_WARN_UNUSED_VARIABLE = YES;
				IPHONEOS_DEPLOYMENT_TARGET = 12.0;
				MTL_ENABLE_DEBUG_INFO = INCLUDE_SOURCE;
				MTL_FAST_MATH = YES;
				ONLY_ACTIVE_ARCH = YES;
				SDKROOT = iphoneos;
				SWIFT_ACTIVE_COMPILATION_CONDITIONS = DEBUG;
				SWIFT_OPTIMIZATION_LEVEL = "-Onone";
			};
			name = Debug;
		};
		5086E5A2218B13190016264A /* Release */ = {
			isa = XCBuildConfiguration;
			buildSettings = {
				ALWAYS_SEARCH_USER_PATHS = NO;
				CLANG_ANALYZER_NONNULL = YES;
				CLANG_ANALYZER_NUMBER_OBJECT_CONVERSION = YES_AGGRESSIVE;
				CLANG_CXX_LANGUAGE_STANDARD = "gnu++14";
				CLANG_CXX_LIBRARY = "libc++";
				CLANG_ENABLE_MODULES = YES;
				CLANG_ENABLE_OBJC_ARC = YES;
				CLANG_ENABLE_OBJC_WEAK = YES;
				CLANG_WARN_BLOCK_CAPTURE_AUTORELEASING = YES;
				CLANG_WARN_BOOL_CONVERSION = YES;
				CLANG_WARN_COMMA = YES;
				CLANG_WARN_CONSTANT_CONVERSION = YES;
				CLANG_WARN_DEPRECATED_OBJC_IMPLEMENTATIONS = YES;
				CLANG_WARN_DIRECT_OBJC_ISA_USAGE = YES_ERROR;
				CLANG_WARN_DOCUMENTATION_COMMENTS = YES;
				CLANG_WARN_EMPTY_BODY = YES;
				CLANG_WARN_ENUM_CONVERSION = YES;
				CLANG_WARN_INFINITE_RECURSION = YES;
				CLANG_WARN_INT_CONVERSION = YES;
				CLANG_WARN_NON_LITERAL_NULL_CONVERSION = YES;
				CLANG_WARN_OBJC_IMPLICIT_RETAIN_SELF = YES;
				CLANG_WARN_OBJC_LITERAL_CONVERSION = YES;
				CLANG_WARN_OBJC_ROOT_CLASS = YES_ERROR;
				CLANG_WARN_RANGE_LOOP_ANALYSIS = YES;
				CLANG_WARN_STRICT_PROTOTYPES = YES;
				CLANG_WARN_SUSPICIOUS_MOVE = YES;
				CLANG_WARN_UNGUARDED_AVAILABILITY = YES_AGGRESSIVE;
				CLANG_WARN_UNREACHABLE_CODE = YES;
				CLANG_WARN__DUPLICATE_METHOD_MATCH = YES;
				CODE_SIGN_IDENTITY = "iPhone Developer";
				COPY_PHASE_STRIP = NO;
				DEBUG_INFORMATION_FORMAT = "dwarf-with-dsym";
				ENABLE_NS_ASSERTIONS = NO;
				ENABLE_STRICT_OBJC_MSGSEND = YES;
				GCC_C_LANGUAGE_STANDARD = gnu11;
				GCC_NO_COMMON_BLOCKS = YES;
				GCC_WARN_64_TO_32_BIT_CONVERSION = YES;
				GCC_WARN_ABOUT_RETURN_TYPE = YES_ERROR;
				GCC_WARN_UNDECLARED_SELECTOR = YES;
				GCC_WARN_UNINITIALIZED_AUTOS = YES_AGGRESSIVE;
				GCC_WARN_UNUSED_FUNCTION = YES;
				GCC_WARN_UNUSED_VARIABLE = YES;
				IPHONEOS_DEPLOYMENT_TARGET = 12.0;
				MTL_ENABLE_DEBUG_INFO = NO;
				MTL_FAST_MATH = YES;
				SDKROOT = iphoneos;
				SWIFT_COMPILATION_MODE = wholemodule;
				SWIFT_OPTIMIZATION_LEVEL = "-O";
				VALIDATE_PRODUCT = YES;
			};
			name = Release;
		};
		5086E5A4218B13190016264A /* Debug */ = {
			isa = XCBuildConfiguration;
			baseConfigurationReference = D33CC9575612EDAF8EE4F7B9 /* Pods-cview_calendar.debug.xcconfig */;
			buildSettings = {
				ASSETCATALOG_COMPILER_APPICON_NAME = AppIcon;
				CODE_SIGN_STYLE = Automatic;
				INFOPLIST_FILE = cview_calendar/Info.plist;
				LD_RUNPATH_SEARCH_PATHS = (
					"$(inherited)",
					"@executable_path/Frameworks",
				);
				PRODUCT_BUNDLE_IDENTIFIER = "Taro.cview-calendar";
				PRODUCT_NAME = "$(TARGET_NAME)";
				SWIFT_VERSION = 4.2;
				TARGETED_DEVICE_FAMILY = "1,2";
			};
			name = Debug;
		};
		5086E5A5218B13190016264A /* Release */ = {
			isa = XCBuildConfiguration;
			baseConfigurationReference = C65118832D2845D5291B919E /* Pods-cview_calendar.release.xcconfig */;
			buildSettings = {
				ASSETCATALOG_COMPILER_APPICON_NAME = AppIcon;
				CODE_SIGN_STYLE = Automatic;
				INFOPLIST_FILE = cview_calendar/Info.plist;
				LD_RUNPATH_SEARCH_PATHS = (
					"$(inherited)",
					"@executable_path/Frameworks",
				);
				PRODUCT_BUNDLE_IDENTIFIER = "Taro.cview-calendar";
				PRODUCT_NAME = "$(TARGET_NAME)";
				SWIFT_VERSION = 4.2;
				TARGETED_DEVICE_FAMILY = "1,2";
			};
			name = Release;
		};
/* End XCBuildConfiguration section */

/* Begin XCConfigurationList section */
		5086E58C218B13170016264A /* Build configuration list for PBXProject "cview_calendar" */ = {
			isa = XCConfigurationList;
			buildConfigurations = (
				5086E5A1218B13190016264A /* Debug */,
				5086E5A2218B13190016264A /* Release */,
			);
			defaultConfigurationIsVisible = 0;
			defaultConfigurationName = Release;
		};
		5086E5A3218B13190016264A /* Build configuration list for PBXNativeTarget "cview_calendar" */ = {
			isa = XCConfigurationList;
			buildConfigurations = (
				5086E5A4218B13190016264A /* Debug */,
				5086E5A5218B13190016264A /* Release */,
			);
			defaultConfigurationIsVisible = 0;
			defaultConfigurationName = Release;
		};
/* End XCConfigurationList section */
	};
	rootObject = 5086E589218B13170016264A /* Project object */;
}
